
Microsoft Visual Studio Solution File, Format Version 12.00
# Visual Studio Version 17
VisualStudioVersion = 17.8.34525.116
MinimumVisualStudioVersion = 10.0.40219.1
Project("{FAE04EC0-301F-11D3-BF4B-00C04F79EFBC}") = "SharpGPT", "SharpGPT\SharpGPT.csproj", "{01DA3D9F-0F31-4B36-A123-69571B0A6681}"
EndProject
Global
	GlobalSection(SolutionConfigurationPlatforms) = preSolution
		Debug|Any CPU = Debug|Any CPU
		Release|Any CPU = Release|Any CPU
	EndGlobalSection
	GlobalSection(ProjectConfigurationPlatforms) = postSolution
		{01DA3D9F-0F31-4B36-A123-69571B0A6681}.Debug|Any CPU.ActiveCfg = Debug|Any CPU
		{01DA3D9F-0F31-4B36-A123-69571B0A6681}.Debug|Any CPU.Build.0 = Debug|Any CPU
		{01DA3D9F-0F31-4B36-A123-69571B0A6681}.Release|Any CPU.ActiveCfg = Release|Any CPU
		{01DA3D9F-0F31-4B36-A123-69571B0A6681}.Release|Any CPU.Build.0 = Release|Any CPU
	EndGlobalSection
	GlobalSection(SolutionProperties) = preSolution
		HideSolutionNode = FALSE
	EndGlobalSection
	GlobalSection(ExtensibilityGlobals) = postSolution
		SolutionGuid = {4BC86661-FC01-440E-A97D-08A978989A07}
	EndGlobalSection
EndGlobal
